DEPENDENCIES
  iptables
    path: site-cookbooks/iptables
  mysql
    path: site-cookbooks/mysql
  nginx
    path: site-cookbooks/nginx
  php-env
    path: site-cookbooks/php-env
  yum-epel

GRAPH
  iptables (0.1.0)
  mysql (0.1.0)
  nginx (0.1.0)
  php-env (0.1.0)
  yum (3.2.2)
  yum-epel (0.3.6)
    yum (~> 3.0)
